
Microsoft Visual Studio Solution File, Format Version 12.00
# Visual Studio Version 17
VisualStudioVersion = 17.5.33516.290
MinimumVisualStudioVersion = 10.0.40219.1
Project("{FAE04EC0-301F-11D3-BF4B-00C04F79EFBC}") = "DO_AN", "đồ án\DO_AN.csproj", "{BDED4CFE-FE4A-498E-ABB7-B41F36B6F23D}"
EndProject
Global
	GlobalSection(SolutionConfigurationPlatforms) = preSolution
		Debug|Any CPU = Debug|Any CPU
		Release|Any CPU = Release|Any CPU
	EndGlobalSection
	GlobalSection(ProjectConfigurationPlatforms) = postSolution
		{BDED4CFE-FE4A-498E-ABB7-B41F36B6F23D}.Debug|Any CPU.ActiveCfg = Debug|Any CPU
		{BDED4CFE-FE4A-498E-ABB7-B41F36B6F23D}.Debug|Any CPU.Build.0 = Debug|Any CPU
		{BDED4CFE-FE4A-498E-ABB7-B41F36B6F23D}.Release|Any CPU.ActiveCfg = Release|Any CPU
		{BDED4CFE-FE4A-498E-ABB7-B41F36B6F23D}.Release|Any CPU.Build.0 = Release|Any CPU
	EndGlobalSection
	GlobalSection(SolutionProperties) = preSolution
		HideSolutionNode = FALSE
	EndGlobalSection
	GlobalSection(ExtensibilityGlobals) = postSolution
		SolutionGuid = {CF517AC7-E4CF-48D9-B071-F42C154F699C}
	EndGlobalSection
EndGlobal
